
Microsoft Visual Studio Solution File, Format Version 12.00
# Visual Studio 14
VisualStudioVersion = 14.0.25123.0
MinimumVisualStudioVersion = 10.0.40219.1
Project("{FAE04EC0-301F-11D3-BF4B-00C04F79EFBC}") = "FolderSize", "FolderSize\FolderSize.csproj", "{F2826F36-8AF1-4160-ADF4-6498AC8CF12F}"
EndProject
Global
	GlobalSection(SolutionConfigurationPlatforms) = preSolution
		Debug|Any CPU = Debug|Any CPU
		Release|Any CPU = Release|Any CPU
	EndGlobalSection
	GlobalSection(ProjectConfigurationPlatforms) = postSolution
		{F2826F36-8AF1-4160-ADF4-6498AC8CF12F}.Debug|Any CPU.ActiveCfg = Debug|Any CPU
		{F2826F36-8AF1-4160-ADF4-6498AC8CF12F}.Debug|Any CPU.Build.0 = Debug|Any CPU
		{F2826F36-8AF1-4160-ADF4-6498AC8CF12F}.Release|Any CPU.ActiveCfg = Release|Any CPU
		{F2826F36-8AF1-4160-ADF4-6498AC8CF12F}.Release|Any CPU.Build.0 = Release|Any CPU
	EndGlobalSection
	GlobalSection(SolutionProperties) = preSolution
		HideSolutionNode = FALSE
	EndGlobalSection
	GlobalSection(TeamFoundationVersionControl) = preSolution
		SccNumberOfProjects = 2
		SccEnterpriseProvider = {4CA58AB2-18FA-4F8D-95D4-32DDF27D184C}
		SccTeamFoundationServer = https://officesaloc.visualstudio.com/defaultcollection
		SccLocalPath0 = .
		SccProjectUniqueName1 = FolderSize\\FolderSize.csproj
		SccProjectName1 = FolderSize
		SccLocalPath1 = FolderSize
	EndGlobalSection
EndGlobal
